{
    "version": 3,
    "terraform_version": "0.11.2",
    "serial": 5,
    "lineage": "4bd97ef6-bb94-41b9-b4d5-452e11383d04",
    "modules": [
        {
            "path": [
                "root"
            ],
            "outputs": {
                "Bucket name": {
                    "sensitive": false,
                    "type": "string",
                    "value": "dco-terraform-16043"
                }
            },
            "resources": {},
            "depends_on": []
        },
        {
            "path": [
                "root",
                "compute"
            ],
            "outputs": {},
            "resources": {
                "aws_instance.tf_server.0": {
                    "type": "aws_instance",
                    "depends_on": [
                        "aws_key_pair.tf_auth",
                        "data.aws_ami.server_ami",
                        "data.template_file.user-init.*"
                    ],
                    "primary": {
                        "id": "i-0a998cc22c5a78334",
                        "attributes": {
                            "ami": "ami-01e24be29428c15b2",
                            "arn": "arn:aws:ec2:us-west-2:496323866215:instance/i-0a998cc22c5a78334",
                            "associate_public_ip_address": "true",
                            "availability_zone": "us-west-2a",
                            "cpu_core_count": "1",
                            "cpu_threads_per_core": "1",
                            "credit_specification.#": "1",
                            "credit_specification.0.cpu_credits": "standard",
                            "disable_api_termination": "false",
                            "ebs_block_device.#": "0",
                            "ebs_optimized": "false",
                            "ephemeral_block_device.#": "0",
                            "get_password_data": "false",
                            "iam_instance_profile": "",
                            "id": "i-0a998cc22c5a78334",
                            "instance_state": "running",
                            "instance_type": "t2.micro",
                            "ipv6_addresses.#": "0",
                            "key_name": "tf_key",
                            "monitoring": "false",
                            "network_interface.#": "0",
                            "network_interface_id": "eni-07cc47f9ad2516d92",
                            "password_data": "",
                            "placement_group": "",
                            "primary_network_interface_id": "eni-07cc47f9ad2516d92",
                            "private_dns": "ip-10-123-1-23.us-west-2.compute.internal",
                            "private_ip": "10.123.1.23",
                            "public_dns": "ec2-34-218-247-170.us-west-2.compute.amazonaws.com",
                            "public_ip": "34.218.247.170",
                            "root_block_device.#": "1",
                            "root_block_device.0.delete_on_termination": "true",
                            "root_block_device.0.iops": "100",
                            "root_block_device.0.volume_id": "vol-04b7f562daf43a9a0",
                            "root_block_device.0.volume_size": "8",
                            "root_block_device.0.volume_type": "gp2",
                            "security_groups.#": "0",
                            "source_dest_check": "true",
                            "subnet_id": "subnet-0c67c63fbf4e2512d",
                            "tags.%": "1",
                            "tags.Name": "tf_server-1",
                            "tenancy": "default",
                            "user_data": "4cbd3839b2cdab61a54f7a713773321ce6178ff0",
                            "volume_tags.%": "0",
                            "vpc_security_group_ids.#": "1",
                            "vpc_security_group_ids.265465306": "sg-0dfad74adce698e96"
                        },
                        "meta": {
                            "e2bfb730-ecaa-11e6-8f88-34363bc7c4c0": {
                                "create": 600000000000,
                                "delete": 1200000000000,
                                "update": 600000000000
                            },
                            "schema_version": "1"
                        },
                        "tainted": false
                    },
                    "deposed": [],
                    "provider": "provider.aws"
                },
                "aws_instance.tf_server.1": {
                    "type": "aws_instance",
                    "depends_on": [
                        "aws_key_pair.tf_auth",
                        "data.aws_ami.server_ami",
                        "data.template_file.user-init.*"
                    ],
                    "primary": {
                        "id": "i-0c29a1f9215bd0989",
                        "attributes": {
                            "ami": "ami-01e24be29428c15b2",
                            "arn": "arn:aws:ec2:us-west-2:496323866215:instance/i-0c29a1f9215bd0989",
                            "associate_public_ip_address": "true",
                            "availability_zone": "us-west-2b",
                            "cpu_core_count": "1",
                            "cpu_threads_per_core": "1",
                            "credit_specification.#": "1",
                            "credit_specification.0.cpu_credits": "standard",
                            "disable_api_termination": "false",
                            "ebs_block_device.#": "0",
                            "ebs_optimized": "false",
                            "ephemeral_block_device.#": "0",
                            "get_password_data": "false",
                            "iam_instance_profile": "",
                            "id": "i-0c29a1f9215bd0989",
                            "instance_state": "running",
                            "instance_type": "t2.micro",
                            "ipv6_addresses.#": "0",
                            "key_name": "tf_key",
                            "monitoring": "false",
                            "network_interface.#": "0",
                            "network_interface_id": "eni-0bfbf4fbcc74c24cf",
                            "password_data": "",
                            "placement_group": "",
                            "primary_network_interface_id": "eni-0bfbf4fbcc74c24cf",
                            "private_dns": "ip-10-123-2-38.us-west-2.compute.internal",
                            "private_ip": "10.123.2.38",
                            "public_dns": "ec2-52-89-30-167.us-west-2.compute.amazonaws.com",
                            "public_ip": "52.89.30.167",
                            "root_block_device.#": "1",
                            "root_block_device.0.delete_on_termination": "true",
                            "root_block_device.0.iops": "100",
                            "root_block_device.0.volume_id": "vol-0dbeb31bd3b4e32f4",
                            "root_block_device.0.volume_size": "8",
                            "root_block_device.0.volume_type": "gp2",
                            "security_groups.#": "0",
                            "source_dest_check": "true",
                            "subnet_id": "subnet-051fdfd98894fc47e",
                            "tags.%": "1",
                            "tags.Name": "tf_server-2",
                            "tenancy": "default",
                            "user_data": "26525276e22e1b65475fe3dfae8d737fa3c0d07e",
                            "volume_tags.%": "0",
                            "vpc_security_group_ids.#": "1",
                            "vpc_security_group_ids.265465306": "sg-0dfad74adce698e96"
                        },
                        "meta": {
                            "e2bfb730-ecaa-11e6-8f88-34363bc7c4c0": {
                                "create": 600000000000,
                                "delete": 1200000000000,
                                "update": 600000000000
                            },
                            "schema_version": "1"
                        },
                        "tainted": false
                    },
                    "deposed": [],
                    "provider": "provider.aws"
                },
                "aws_key_pair.tf_auth": {
                    "type": "aws_key_pair",
                    "depends_on": [],
                    "primary": {
                        "id": "tf_key",
                        "attributes": {
                            "fingerprint": "00:69:82:5d:7c:fd:f0:ae:ac:22:b7:0c:6a:9e:c0:41",
                            "id": "tf_key",
                            "key_name": "tf_key",
                            "public_key": "ssh-rsa AAAAB3NzaC1yc2EAAAADAQABAAABAQDnFBTjHZCzpxxRuIcm5kUQk6MsTV33c7mcQ8to9eabF6UNX/N8OFGLpP2tbOyN0jUDzRIT81+Umca/XtTSyCCqx9SvixmfVS5ub5QIRa1RJROO/uRwbXx8OZKw8vdUIVN72NMfWr3Tb8jIAtnSf0Qm8tTvJ3vnFWtjgMrNG8ePprWAL9P0DmUfVlajMvtC9mK95ps2x1Y8SinyVUumb37x13tiQXCXamTaLeN1h+EczvaoRTDvsFfAwU97RUOuJmwFwA4FaWapQi0cGtfHIDSaalPDheSoTN8VKzdu3H6ngfUtt3iYbChW4WRyPlmBIrT1siSftMbm0rWKsmbY7Y3r damienoneal@Damien-ONeals-MacBook-Pro.local"
                        },
                        "meta": {
                            "schema_version": "1"
                        },
                        "tainted": false
                    },
                    "deposed": [],
                    "provider": "provider.aws"
                },
                "data.aws_ami.server_ami": {
                    "type": "aws_ami",
                    "depends_on": [],
                    "primary": {
                        "id": "ami-01e24be29428c15b2",
                        "attributes": {
                            "architecture": "x86_64",
                            "block_device_mappings.#": "1",
                            "block_device_mappings.340275815.device_name": "/dev/xvda",
                            "block_device_mappings.340275815.ebs.%": "6",
                            "block_device_mappings.340275815.ebs.delete_on_termination": "true",
                            "block_device_mappings.340275815.ebs.encrypted": "false",
                            "block_device_mappings.340275815.ebs.iops": "0",
                            "block_device_mappings.340275815.ebs.snapshot_id": "snap-0af9c0b1d247238d6",
                            "block_device_mappings.340275815.ebs.volume_size": "8",
                            "block_device_mappings.340275815.ebs.volume_type": "gp2",
                            "block_device_mappings.340275815.no_device": "",
                            "block_device_mappings.340275815.virtual_name": "",
                            "creation_date": "2018-11-28T21:08:10.000Z",
                            "description": "Amazon Linux AMI 2018.03.0.20181129 x86_64 HVM gp2",
                            "filter.#": "2",
                            "filter.2898439165.name": "name",
                            "filter.2898439165.values.#": "1",
                            "filter.2898439165.values.0": "amzn-ami-hvm*-x86_64-gp2",
                            "filter.574890044.name": "owner-alias",
                            "filter.574890044.values.#": "1",
                            "filter.574890044.values.0": "amazon",
                            "hypervisor": "xen",
                            "id": "ami-01e24be29428c15b2",
                            "image_id": "ami-01e24be29428c15b2",
                            "image_location": "amazon/amzn-ami-hvm-2018.03.0.20181129-x86_64-gp2",
                            "image_owner_alias": "amazon",
                            "image_type": "machine",
                            "most_recent": "true",
                            "name": "amzn-ami-hvm-2018.03.0.20181129-x86_64-gp2",
                            "owner_id": "137112412989",
                            "product_codes.#": "0",
                            "public": "true",
                            "root_device_name": "/dev/xvda",
                            "root_device_type": "ebs",
                            "root_snapshot_id": "snap-0af9c0b1d247238d6",
                            "sriov_net_support": "simple",
                            "state": "available",
                            "state_reason.%": "2",
                            "state_reason.code": "UNSET",
                            "state_reason.message": "UNSET",
                            "tags.%": "0",
                            "virtualization_type": "hvm"
                        },
                        "meta": {},
                        "tainted": false
                    },
                    "deposed": [],
                    "provider": "provider.aws"
                },
                "data.template_file.user-init.0": {
                    "type": "template_file",
                    "depends_on": [],
                    "primary": {
                        "id": "7078312879f771de8b1b46153cf870069cd792dc0e0ddad03fb99197732e3e23",
                        "attributes": {
                            "id": "7078312879f771de8b1b46153cf870069cd792dc0e0ddad03fb99197732e3e23",
                            "rendered": "#!/bin/bash\nyum install -y httpd\necho \"subnet for Firewall: 10.123.1.0/24\" \u003e\u003e /var/www/html/index.html #because it's a template file, terraform will proper see the firewall_subnets \nservice httpd start\nchkconfig httpd on",
                            "template": "#!/bin/bash\nyum install -y httpd\necho \"subnet for Firewall: ${firewall_subnets}\" \u003e\u003e /var/www/html/index.html #because it's a template file, terraform will proper see the firewall_subnets \nservice httpd start\nchkconfig httpd on",
                            "vars.%": "1",
                            "vars.firewall_subnets": "10.123.1.0/24"
                        },
                        "meta": {},
                        "tainted": false
                    },
                    "deposed": [],
                    "provider": "provider.template"
                },
                "data.template_file.user-init.1": {
                    "type": "template_file",
                    "depends_on": [],
                    "primary": {
                        "id": "9b66f44713126937dc307b2fd42dfe2c2dfbb51efadebc376dbf9e7682c9c185",
                        "attributes": {
                            "id": "9b66f44713126937dc307b2fd42dfe2c2dfbb51efadebc376dbf9e7682c9c185",
                            "rendered": "#!/bin/bash\nyum install -y httpd\necho \"subnet for Firewall: 10.123.2.0/24\" \u003e\u003e /var/www/html/index.html #because it's a template file, terraform will proper see the firewall_subnets \nservice httpd start\nchkconfig httpd on",
                            "template": "#!/bin/bash\nyum install -y httpd\necho \"subnet for Firewall: ${firewall_subnets}\" \u003e\u003e /var/www/html/index.html #because it's a template file, terraform will proper see the firewall_subnets \nservice httpd start\nchkconfig httpd on",
                            "vars.%": "1",
                            "vars.firewall_subnets": "10.123.2.0/24"
                        },
                        "meta": {},
                        "tainted": false
                    },
                    "deposed": [],
                    "provider": "provider.template"
                }
            },
            "depends_on": []
        },
        {
            "path": [
                "root",
                "networking"
            ],
            "outputs": {
                "public_sg": {
                    "sensitive": false,
                    "type": "string",
                    "value": "sg-0dfad74adce698e96"
                },
                "public_subnets": {
                    "sensitive": false,
                    "type": "list",
                    "value": [
                        "subnet-0c67c63fbf4e2512d",
                        "subnet-051fdfd98894fc47e"
                    ]
                },
                "subnet_ips": {
                    "sensitive": false,
                    "type": "list",
                    "value": [
                        "10.123.1.0/24",
                        "10.123.2.0/24"
                    ]
                }
            },
            "resources": {
                "aws_default_route_table.tf_private_rt": {
                    "type": "aws_default_route_table",
                    "depends_on": [
                        "aws_vpc.tf_vpc"
                    ],
                    "primary": {
                        "id": "rtb-0af980b1cc2af5036",
                        "attributes": {
                            "default_route_table_id": "rtb-0af980b1cc2af5036",
                            "id": "rtb-0af980b1cc2af5036",
                            "owner_id": "496323866215",
                            "propagating_vgws.#": "0",
                            "route.#": "0",
                            "tags.%": "1",
                            "tags.Name": "tf_private",
                            "vpc_id": "vpc-092066632f0023b6b"
                        },
                        "meta": {},
                        "tainted": false
                    },
                    "deposed": [],
                    "provider": "provider.aws"
                },
                "aws_internet_gateway.tf_internet_gateway": {
                    "type": "aws_internet_gateway",
                    "depends_on": [
                        "aws_vpc.tf_vpc"
                    ],
                    "primary": {
                        "id": "igw-052b1bf657af66533",
                        "attributes": {
                            "id": "igw-052b1bf657af66533",
                            "owner_id": "496323866215",
                            "tags.%": "1",
                            "tags.Name": "tf_igw",
                            "vpc_id": "vpc-092066632f0023b6b"
                        },
                        "meta": {},
                        "tainted": false
                    },
                    "deposed": [],
                    "provider": "provider.aws"
                },
                "aws_route_table.tf_public_rt": {
                    "type": "aws_route_table",
                    "depends_on": [
                        "aws_internet_gateway.tf_internet_gateway",
                        "aws_vpc.tf_vpc"
                    ],
                    "primary": {
                        "id": "rtb-014dd7ede99f536ea",
                        "attributes": {
                            "id": "rtb-014dd7ede99f536ea",
                            "owner_id": "496323866215",
                            "propagating_vgws.#": "0",
                            "route.#": "1",
                            "route.8310804.cidr_block": "0.0.0.0/0",
                            "route.8310804.egress_only_gateway_id": "",
                            "route.8310804.gateway_id": "igw-052b1bf657af66533",
                            "route.8310804.instance_id": "",
                            "route.8310804.ipv6_cidr_block": "",
                            "route.8310804.nat_gateway_id": "",
                            "route.8310804.network_interface_id": "",
                            "route.8310804.transit_gateway_id": "",
                            "route.8310804.vpc_peering_connection_id": "",
                            "tags.%": "1",
                            "tags.Name": "tf_public",
                            "vpc_id": "vpc-092066632f0023b6b"
                        },
                        "meta": {},
                        "tainted": false
                    },
                    "deposed": [],
                    "provider": "provider.aws"
                },
                "aws_route_table_association.tf_public_association.0": {
                    "type": "aws_route_table_association",
                    "depends_on": [
                        "aws_route_table.tf_public_rt",
                        "aws_subnet.tf_public_subnet",
                        "aws_subnet.tf_public_subnet.*"
                    ],
                    "primary": {
                        "id": "rtbassoc-09a7da0d16998a1d8",
                        "attributes": {
                            "id": "rtbassoc-09a7da0d16998a1d8",
                            "route_table_id": "rtb-014dd7ede99f536ea",
                            "subnet_id": "subnet-0c67c63fbf4e2512d"
                        },
                        "meta": {},
                        "tainted": false
                    },
                    "deposed": [],
                    "provider": "provider.aws"
                },
                "aws_route_table_association.tf_public_association.1": {
                    "type": "aws_route_table_association",
                    "depends_on": [
                        "aws_route_table.tf_public_rt",
                        "aws_subnet.tf_public_subnet",
                        "aws_subnet.tf_public_subnet.*"
                    ],
                    "primary": {
                        "id": "rtbassoc-02cea6919d4ca6542",
                        "attributes": {
                            "id": "rtbassoc-02cea6919d4ca6542",
                            "route_table_id": "rtb-014dd7ede99f536ea",
                            "subnet_id": "subnet-051fdfd98894fc47e"
                        },
                        "meta": {},
                        "tainted": false
                    },
                    "deposed": [],
                    "provider": "provider.aws"
                },
                "aws_security_group.tf_public_sg": {
                    "type": "aws_security_group",
                    "depends_on": [
                        "aws_vpc.tf_vpc"
                    ],
                    "primary": {
                        "id": "sg-0dfad74adce698e96",
                        "attributes": {
                            "arn": "arn:aws:ec2:us-west-2:496323866215:security-group/sg-0dfad74adce698e96",
                            "description": "Used for access to public instances",
                            "egress.#": "1",
                            "egress.482069346.cidr_blocks.#": "1",
                            "egress.482069346.cidr_blocks.0": "0.0.0.0/0",
                            "egress.482069346.description": "",
                            "egress.482069346.from_port": "0",
                            "egress.482069346.ipv6_cidr_blocks.#": "0",
                            "egress.482069346.prefix_list_ids.#": "0",
                            "egress.482069346.protocol": "-1",
                            "egress.482069346.security_groups.#": "0",
                            "egress.482069346.self": "false",
                            "egress.482069346.to_port": "0",
                            "id": "sg-0dfad74adce698e96",
                            "ingress.#": "2",
                            "ingress.2214680975.cidr_blocks.#": "1",
                            "ingress.2214680975.cidr_blocks.0": "0.0.0.0/0",
                            "ingress.2214680975.description": "",
                            "ingress.2214680975.from_port": "80",
                            "ingress.2214680975.ipv6_cidr_blocks.#": "0",
                            "ingress.2214680975.prefix_list_ids.#": "0",
                            "ingress.2214680975.protocol": "tcp",
                            "ingress.2214680975.security_groups.#": "0",
                            "ingress.2214680975.self": "false",
                            "ingress.2214680975.to_port": "80",
                            "ingress.2541437006.cidr_blocks.#": "1",
                            "ingress.2541437006.cidr_blocks.0": "0.0.0.0/0",
                            "ingress.2541437006.description": "",
                            "ingress.2541437006.from_port": "22",
                            "ingress.2541437006.ipv6_cidr_blocks.#": "0",
                            "ingress.2541437006.prefix_list_ids.#": "0",
                            "ingress.2541437006.protocol": "tcp",
                            "ingress.2541437006.security_groups.#": "0",
                            "ingress.2541437006.self": "false",
                            "ingress.2541437006.to_port": "22",
                            "name": "tf_public_sg",
                            "owner_id": "496323866215",
                            "revoke_rules_on_delete": "false",
                            "tags.%": "0",
                            "vpc_id": "vpc-092066632f0023b6b"
                        },
                        "meta": {
                            "e2bfb730-ecaa-11e6-8f88-34363bc7c4c0": {
                                "create": 600000000000,
                                "delete": 600000000000
                            },
                            "schema_version": "1"
                        },
                        "tainted": false
                    },
                    "deposed": [],
                    "provider": "provider.aws"
                },
                "aws_subnet.tf_public_subnet.0": {
                    "type": "aws_subnet",
                    "depends_on": [
                        "aws_vpc.tf_vpc",
                        "data.aws_availability_zones.available"
                    ],
                    "primary": {
                        "id": "subnet-0c67c63fbf4e2512d",
                        "attributes": {
                            "arn": "arn:aws:ec2:us-west-2:496323866215:subnet/subnet-0c67c63fbf4e2512d",
                            "assign_ipv6_address_on_creation": "false",
                            "availability_zone": "us-west-2a",
                            "availability_zone_id": "usw2-az1",
                            "cidr_block": "10.123.1.0/24",
                            "id": "subnet-0c67c63fbf4e2512d",
                            "ipv6_cidr_block": "",
                            "ipv6_cidr_block_association_id": "",
                            "map_public_ip_on_launch": "true",
                            "owner_id": "496323866215",
                            "tags.%": "1",
                            "tags.Name": "tf_public_1",
                            "vpc_id": "vpc-092066632f0023b6b"
                        },
                        "meta": {
                            "e2bfb730-ecaa-11e6-8f88-34363bc7c4c0": {
                                "create": 600000000000,
                                "delete": 600000000000
                            },
                            "schema_version": "1"
                        },
                        "tainted": false
                    },
                    "deposed": [],
                    "provider": "provider.aws"
                },
                "aws_subnet.tf_public_subnet.1": {
                    "type": "aws_subnet",
                    "depends_on": [
                        "aws_vpc.tf_vpc",
                        "data.aws_availability_zones.available"
                    ],
                    "primary": {
                        "id": "subnet-051fdfd98894fc47e",
                        "attributes": {
                            "arn": "arn:aws:ec2:us-west-2:496323866215:subnet/subnet-051fdfd98894fc47e",
                            "assign_ipv6_address_on_creation": "false",
                            "availability_zone": "us-west-2b",
                            "availability_zone_id": "usw2-az2",
                            "cidr_block": "10.123.2.0/24",
                            "id": "subnet-051fdfd98894fc47e",
                            "ipv6_cidr_block": "",
                            "ipv6_cidr_block_association_id": "",
                            "map_public_ip_on_launch": "true",
                            "owner_id": "496323866215",
                            "tags.%": "1",
                            "tags.Name": "tf_public_2",
                            "vpc_id": "vpc-092066632f0023b6b"
                        },
                        "meta": {
                            "e2bfb730-ecaa-11e6-8f88-34363bc7c4c0": {
                                "create": 600000000000,
                                "delete": 600000000000
                            },
                            "schema_version": "1"
                        },
                        "tainted": false
                    },
                    "deposed": [],
                    "provider": "provider.aws"
                },
                "aws_vpc.tf_vpc": {
                    "type": "aws_vpc",
                    "depends_on": [],
                    "primary": {
                        "id": "vpc-092066632f0023b6b",
                        "attributes": {
                            "arn": "arn:aws:ec2:us-west-2:496323866215:vpc/vpc-092066632f0023b6b",
                            "assign_generated_ipv6_cidr_block": "false",
                            "cidr_block": "10.123.0.0/16",
                            "default_network_acl_id": "acl-0f0c6d244bc72c1b5",
                            "default_route_table_id": "rtb-0af980b1cc2af5036",
                            "default_security_group_id": "sg-00d85ca99dc960979",
                            "dhcp_options_id": "dopt-90b951f5",
                            "enable_classiclink": "false",
                            "enable_classiclink_dns_support": "false",
                            "enable_dns_hostnames": "true",
                            "enable_dns_support": "true",
                            "id": "vpc-092066632f0023b6b",
                            "instance_tenancy": "default",
                            "ipv6_association_id": "",
                            "ipv6_cidr_block": "",
                            "main_route_table_id": "rtb-0af980b1cc2af5036",
                            "owner_id": "496323866215",
                            "tags.%": "1",
                            "tags.Name": "tf_vpc"
                        },
                        "meta": {
                            "schema_version": "1"
                        },
                        "tainted": false
                    },
                    "deposed": [],
                    "provider": "provider.aws"
                },
                "data.aws_availability_zones.available": {
                    "type": "aws_availability_zones",
                    "depends_on": [],
                    "primary": {
                        "id": "2019-01-16 18:57:42.614972 +0000 UTC",
                        "attributes": {
                            "id": "2019-01-16 18:57:42.614972 +0000 UTC",
                            "names.#": "3",
                            "names.0": "us-west-2a",
                            "names.1": "us-west-2b",
                            "names.2": "us-west-2c",
                            "zone_ids.#": "3",
                            "zone_ids.0": "usw2-az1",
                            "zone_ids.1": "usw2-az2",
                            "zone_ids.2": "usw2-az3"
                        },
                        "meta": {},
                        "tainted": false
                    },
                    "deposed": [],
                    "provider": "provider.aws"
                }
            },
            "depends_on": []
        },
        {
            "path": [
                "root",
                "storage"
            ],
            "outputs": {
                "bucketname": {
                    "sensitive": false,
                    "type": "string",
                    "value": "dco-terraform-16043"
                }
            },
            "resources": {
                "aws_s3_bucket.tf_code": {
                    "type": "aws_s3_bucket",
                    "depends_on": [
                        "random_id.tf_bucket_id"
                    ],
                    "primary": {
                        "id": "dco-terraform-16043",
                        "attributes": {
                            "acceleration_status": "",
                            "acl": "private",
                            "arn": "arn:aws:s3:::dco-terraform-16043",
                            "bucket": "dco-terraform-16043",
                            "bucket_domain_name": "dco-terraform-16043.s3.amazonaws.com",
                            "bucket_regional_domain_name": "dco-terraform-16043.s3.us-west-2.amazonaws.com",
                            "cors_rule.#": "0",
                            "force_destroy": "true",
                            "hosted_zone_id": "Z3BJ6K6RIION7M",
                            "id": "dco-terraform-16043",
                            "lifecycle_rule.#": "0",
                            "logging.#": "0",
                            "region": "us-west-2",
                            "replication_configuration.#": "0",
                            "request_payer": "BucketOwner",
                            "server_side_encryption_configuration.#": "0",
                            "tags.%": "1",
                            "tags.Name": "tf_bucket",
                            "versioning.#": "1",
                            "versioning.0.enabled": "false",
                            "versioning.0.mfa_delete": "false",
                            "website.#": "0"
                        },
                        "meta": {},
                        "tainted": false
                    },
                    "deposed": [],
                    "provider": "provider.aws"
                },
                "random_id.tf_bucket_id": {
                    "type": "random_id",
                    "depends_on": [],
                    "primary": {
                        "id": "Pqs",
                        "attributes": {
                            "b64": "Pqs",
                            "b64_std": "Pqs=",
                            "b64_url": "Pqs",
                            "byte_length": "2",
                            "dec": "16043",
                            "hex": "3eab",
                            "id": "Pqs"
                        },
                        "meta": {},
                        "tainted": false
                    },
                    "deposed": [],
                    "provider": "provider.random"
                }
            },
            "depends_on": []
        }
    ]
}
